speakeasyVersion: 1.698.0
sources:
    petstore:
        sourceNamespace: petstore
        sourceRevisionDigest: sha256:37dd0ed65e27566952d8d564820cc826b46fca10bb13e1a34cc2a8b9e8c8323c
        sourceBlobDigest: sha256:89bd263085948f36c1329f9c14bbc1050d48558aec33e1fe29418808a16c21df
        tags:
            - latest
            - main
            - 1.0.28
targets:
    typescript:
        source: petstore
        sourceNamespace: petstore
        sourceRevisionDigest: sha256:37dd0ed65e27566952d8d564820cc826b46fca10bb13e1a34cc2a8b9e8c8323c
        sourceBlobDigest: sha256:89bd263085948f36c1329f9c14bbc1050d48558aec33e1fe29418808a16c21df
        codeSamplesNamespace: petstore-typescript-code-samples
        codeSamplesRevisionDigest: sha256:77eca1118cf0b2e50c70ce9bd3454772739f49b16872361dded8713996d8ee7c
workflow:
    workflowVersion: 1.0.0
    speakeasyVersion: latest
    sources:
        petstore:
            inputs:
                - location: ./openapi.yaml
            registry:
                location: registry.speakeasyapi.dev/speakeasy-self/speakeasy-self/petstore
    targets:
        typescript:
            target: typescript
            source: petstore
            codeSamples:
                registry:
                    location: registry.speakeasyapi.dev/speakeasy-self/speakeasy-self/petstore-typescript-code-samples
                labelOverride:
                    fixedValue: Typescript (SDK)
                blocking: false
