speakeasyVersion: 1.698.0
sources:
    petstore:
        sourceNamespace: petstore
        sourceRevisionDigest: sha256:efc0d7a13cd39ed14dc5e34d1b7f961c9603f578a351b174a7b48dc514f1c14b
        sourceBlobDigest: sha256:57a04ce34897f2b356c7323506d41602ee12c1f8fc4c7d3cbbee3e43f38f531d
        tags:
            - latest
            - main
            - 2.0.0
targets:
    typescript:
        source: petstore
        sourceNamespace: petstore
        sourceRevisionDigest: sha256:efc0d7a13cd39ed14dc5e34d1b7f961c9603f578a351b174a7b48dc514f1c14b
        sourceBlobDigest: sha256:57a04ce34897f2b356c7323506d41602ee12c1f8fc4c7d3cbbee3e43f38f531d
        codeSamplesNamespace: petstore-typescript-code-samples
        codeSamplesRevisionDigest: sha256:9748d98a1e7514936a3549d86864721d26a9d76dcc1b7d20ec7253b696a7be86
workflow:
    workflowVersion: 1.0.0
    speakeasyVersion: latest
    sources:
        petstore:
            inputs:
                - location: ./openapi.yaml
            registry:
                location: registry.speakeasyapi.dev/speakeasy-self/speakeasy-self/petstore
    targets:
        typescript:
            target: typescript
            source: petstore
            codeSamples:
                registry:
                    location: registry.speakeasyapi.dev/speakeasy-self/speakeasy-self/petstore-typescript-code-samples
                labelOverride:
                    fixedValue: Typescript (SDK)
                blocking: false
